
Microsoft Visual Studio Solution File, Format Version 12.00
# Visual Studio Version 17
VisualStudioVersion = 17.11.35431.28
MinimumVisualStudioVersion = 10.0.40219.1
Project("{FAE04EC0-301F-11D3-BF4B-00C04F79EFBC}") = "InsurancePartnersApi", "InsurancePartnersApi\InsurancePartnersApi.csproj", "{69FA65D4-9761-492F-AC27-BE86E77837AD}"
EndProject
Global
	GlobalSection(SolutionConfigurationPlatforms) = preSolution
		Debug|Any CPU = Debug|Any CPU
		Release|Any CPU = Release|Any CPU
	EndGlobalSection
	GlobalSection(ProjectConfigurationPlatforms) = postSolution
		{69FA65D4-9761-492F-AC27-BE86E77837AD}.Debug|Any CPU.ActiveCfg = Debug|Any CPU
		{69FA65D4-9761-492F-AC27-BE86E77837AD}.Debug|Any CPU.Build.0 = Debug|Any CPU
		{69FA65D4-9761-492F-AC27-BE86E77837AD}.Release|Any CPU.ActiveCfg = Release|Any CPU
		{69FA65D4-9761-492F-AC27-BE86E77837AD}.Release|Any CPU.Build.0 = Release|Any CPU
	EndGlobalSection
	GlobalSection(SolutionProperties) = preSolution
		HideSolutionNode = FALSE
	EndGlobalSection
	GlobalSection(ExtensibilityGlobals) = postSolution
		SolutionGuid = {5A879828-81D7-4240-A9A1-C10BCBD42C38}
	EndGlobalSection
EndGlobal
